
Microsoft Visual Studio Solution File, Format Version 12.00
# Visual Studio 15
VisualStudioVersion = 15.0.27428.2043
MinimumVisualStudioVersion = 10.0.40219.1
Project("{151D2E53-A2C4-4D7D-83FE-D05416EBD58E}") = "MySolution.LogicApps", "MySolution.LogicApps\MySolution.LogicApps.deployproj", "{EC9C6EDA-AFF8-4737-A83A-99DA084676FE}"
EndProject
Project("{151D2E53-A2C4-4D7D-83FE-D05416EBD58E}") = "MySolution.Storage", "MySolution.Storage\MySolution.Storage.deployproj", "{6FEB542E-1C33-48B2-831D-9E452CD1E416}"
EndProject
Project("{151D2E53-A2C4-4D7D-83FE-D05416EBD58E}") = "MySolution.MainTemplates", "MySolution.MainTemplates\MySolution.MainTemplates.deployproj", "{C5DAEAED-F590-48DC-87CB-C0E1EF135F48}"
EndProject
Global
	GlobalSection(SolutionConfigurationPlatforms) = preSolution
		Debug|Any CPU = Debug|Any CPU
		Release|Any CPU = Release|Any CPU
	EndGlobalSection
	GlobalSection(ProjectConfigurationPlatforms) = postSolution
		{EC9C6EDA-AFF8-4737-A83A-99DA084676FE}.Debug|Any CPU.ActiveCfg = Debug|Any CPU
		{EC9C6EDA-AFF8-4737-A83A-99DA084676FE}.Debug|Any CPU.Build.0 = Debug|Any CPU
		{EC9C6EDA-AFF8-4737-A83A-99DA084676FE}.Release|Any CPU.ActiveCfg = Release|Any CPU
		{EC9C6EDA-AFF8-4737-A83A-99DA084676FE}.Release|Any CPU.Build.0 = Release|Any CPU
		{6FEB542E-1C33-48B2-831D-9E452CD1E416}.Debug|Any CPU.ActiveCfg = Debug|Any CPU
		{6FEB542E-1C33-48B2-831D-9E452CD1E416}.Debug|Any CPU.Build.0 = Debug|Any CPU
		{6FEB542E-1C33-48B2-831D-9E452CD1E416}.Release|Any CPU.ActiveCfg = Release|Any CPU
		{6FEB542E-1C33-48B2-831D-9E452CD1E416}.Release|Any CPU.Build.0 = Release|Any CPU
		{C5DAEAED-F590-48DC-87CB-C0E1EF135F48}.Debug|Any CPU.ActiveCfg = Debug|Any CPU
		{C5DAEAED-F590-48DC-87CB-C0E1EF135F48}.Debug|Any CPU.Build.0 = Debug|Any CPU
		{C5DAEAED-F590-48DC-87CB-C0E1EF135F48}.Release|Any CPU.ActiveCfg = Release|Any CPU
		{C5DAEAED-F590-48DC-87CB-C0E1EF135F48}.Release|Any CPU.Build.0 = Release|Any CPU
	EndGlobalSection
	GlobalSection(SolutionProperties) = preSolution
		HideSolutionNode = FALSE
	EndGlobalSection
	GlobalSection(ExtensibilityGlobals) = postSolution
		SolutionGuid = {3EF81298-152F-4F4C-9725-EAA3834D4E68}
	EndGlobalSection
EndGlobal
